
Microsoft Visual Studio Solution File, Format Version 12.00
# Visual Studio Version 16
VisualStudioVersion = 16.0.31205.134
MinimumVisualStudioVersion = 10.0.40219.1
Project("{9A19103F-16F7-4668-BE54-9A1E7A4F7556}") = "AutoShop", "AutoShop\AutoShop.csproj", "{A8C774F4-CB99-4FE7-AC0A-570B7AFBE27F}"
EndProject
Project("{9A19103F-16F7-4668-BE54-9A1E7A4F7556}") = "AutoShop.Core", "AutoShop.Core\AutoShop.Core.csproj", "{D13CCBD5-DA15-464E-B736-56F7D61BC0BF}"
EndProject
Project("{9A19103F-16F7-4668-BE54-9A1E7A4F7556}") = "AutoShop.Data", "AutoShop.Data\AutoShop.Data.csproj", "{807F06E6-F308-4A6B-AA5D-A832886B4364}"
EndProject
Global
	GlobalSection(SolutionConfigurationPlatforms) = preSolution
		Debug|Any CPU = Debug|Any CPU
		Release|Any CPU = Release|Any CPU
	EndGlobalSection
	GlobalSection(ProjectConfigurationPlatforms) = postSolution
		{A8C774F4-CB99-4FE7-AC0A-570B7AFBE27F}.Debug|Any CPU.ActiveCfg = Debug|Any CPU
		{A8C774F4-CB99-4FE7-AC0A-570B7AFBE27F}.Debug|Any CPU.Build.0 = Debug|Any CPU
		{A8C774F4-CB99-4FE7-AC0A-570B7AFBE27F}.Release|Any CPU.ActiveCfg = Release|Any CPU
		{A8C774F4-CB99-4FE7-AC0A-570B7AFBE27F}.Release|Any CPU.Build.0 = Release|Any CPU
		{D13CCBD5-DA15-464E-B736-56F7D61BC0BF}.Debug|Any CPU.ActiveCfg = Debug|Any CPU
		{D13CCBD5-DA15-464E-B736-56F7D61BC0BF}.Debug|Any CPU.Build.0 = Debug|Any CPU
		{D13CCBD5-DA15-464E-B736-56F7D61BC0BF}.Release|Any CPU.ActiveCfg = Release|Any CPU
		{D13CCBD5-DA15-464E-B736-56F7D61BC0BF}.Release|Any CPU.Build.0 = Release|Any CPU
		{807F06E6-F308-4A6B-AA5D-A832886B4364}.Debug|Any CPU.ActiveCfg = Debug|Any CPU
		{807F06E6-F308-4A6B-AA5D-A832886B4364}.Debug|Any CPU.Build.0 = Debug|Any CPU
		{807F06E6-F308-4A6B-AA5D-A832886B4364}.Release|Any CPU.ActiveCfg = Release|Any CPU
		{807F06E6-F308-4A6B-AA5D-A832886B4364}.Release|Any CPU.Build.0 = Release|Any CPU
	EndGlobalSection
	GlobalSection(SolutionProperties) = preSolution
		HideSolutionNode = FALSE
	EndGlobalSection
	GlobalSection(ExtensibilityGlobals) = postSolution
		SolutionGuid = {9C9898E6-E296-4770-991E-A0812235F959}
	EndGlobalSection
EndGlobal
